
Microsoft Visual Studio Solution File, Format Version 12.00
# Visual Studio Version 17
VisualStudioVersion = 17.8.34525.116
MinimumVisualStudioVersion = 10.0.40219.1
Project("{FAE04EC0-301F-11D3-BF4B-00C04F79EFBC}") = "To-Do List API", "To-Do List API\To-Do List API.csproj", "{F359A100-BD02-4844-AFC9-F5B95BB2BD02}"
EndProject
Global
	GlobalSection(SolutionConfigurationPlatforms) = preSolution
		Debug|Any CPU = Debug|Any CPU
		Release|Any CPU = Release|Any CPU
	EndGlobalSection
	GlobalSection(ProjectConfigurationPlatforms) = postSolution
		{F359A100-BD02-4844-AFC9-F5B95BB2BD02}.Debug|Any CPU.ActiveCfg = Debug|Any CPU
		{F359A100-BD02-4844-AFC9-F5B95BB2BD02}.Debug|Any CPU.Build.0 = Debug|Any CPU
		{F359A100-BD02-4844-AFC9-F5B95BB2BD02}.Release|Any CPU.ActiveCfg = Release|Any CPU
		{F359A100-BD02-4844-AFC9-F5B95BB2BD02}.Release|Any CPU.Build.0 = Release|Any CPU
	EndGlobalSection
	GlobalSection(SolutionProperties) = preSolution
		HideSolutionNode = FALSE
	EndGlobalSection
	GlobalSection(ExtensibilityGlobals) = postSolution
		SolutionGuid = {AC2692BD-0098-45E0-9BE5-E878DF44340E}
	EndGlobalSection
EndGlobal
